// !$*UTF8*$!
{
	archiveVersion = 1;
	classes = {
	};
	objectVersion = 46;
	objects = {

/* Begin PBXBuildFile section */
		1B7A3E681C6F5DD42AD981C2 /* Pods_TwitterUITests.framework in Frameworks */ = {isa = PBXBuildFile; fileRef = 4DD9296F4D212B2EB1047F95 /* Pods_TwitterUITests.framework */; };
		3B24A02C1E6D521E0026BF8F /* ComposeViewController.swift in Sources */ = {isa = PBXBuildFile; fileRef = 3B24A0271E6D521E0026BF8F /* ComposeViewController.swift */; };
		3B24A02D1E6D521E0026BF8F /* DetailedTweetViewController.swift in Sources */ = {isa = PBXBuildFile; fileRef = 3B24A0281E6D521E0026BF8F /* DetailedTweetViewController.swift */; };
		3B24A02E1E6D521E0026BF8F /* ProfileViewController.swift in Sources */ = {isa = PBXBuildFile; fileRef = 3B24A0291E6D521E0026BF8F /* ProfileViewController.swift */; };
		3B24A02F1E6D521E0026BF8F /* ReplyViewController.swift in Sources */ = {isa = PBXBuildFile; fileRef = 3B24A02A1E6D521E0026BF8F /* ReplyViewController.swift */; };
		3B24A0301E6D521E0026BF8F /* UserProfileViewController.swift in Sources */ = {isa = PBXBuildFile; fileRef = 3B24A02B1E6D521E0026BF8F /* UserProfileViewController.swift */; };
		3BA3FD931E65294E00D530A2 /* AppDelegate.swift in Sources */ = {isa = PBXBuildFile; fileRef = 3BA3FD921E65294E00D530A2 /* AppDelegate.swift */; };
		3BA3FD981E65294E00D530A2 /* Main.storyboard in Resources */ = {isa = PBXBuildFile; fileRef = 3BA3FD961E65294E00D530A2 /* Main.storyboard */; };
		3BA3FD9A1E65294E00D530A2 /* Assets.xcassets in Resources */ = {isa = PBXBuildFile; fileRef = 3BA3FD991E65294E00D530A2 /* Assets.xcassets */; };
		3BA3FD9D1E65294E00D530A2 /* LaunchScreen.storyboard in Resources */ = {isa = PBXBuildFile; fileRef = 3BA3FD9B1E65294E00D530A2 /* LaunchScreen.storyboard */; };
		3BA3FDA81E65294E00D530A2 /* TwitterTests.swift in Sources */ = {isa = PBXBuildFile; fileRef = 3BA3FDA71E65294E00D530A2 /* TwitterTests.swift */; };
		3BA3FDB31E65294E00D530A2 /* TwitterUITests.swift in Sources */ = {isa = PBXBuildFile; fileRef = 3BA3FDB21E65294E00D530A2 /* TwitterUITests.swift */; };
		3BA3FDD01E65389500D530A2 /* LoginViewController.swift in Sources */ = {isa = PBXBuildFile; fileRef = 3BA3FDCA1E65389500D530A2 /* LoginViewController.swift */; };
		3BA3FDD11E65389500D530A2 /* Tweet.swift in Sources */ = {isa = PBXBuildFile; fileRef = 3BA3FDCB1E65389500D530A2 /* Tweet.swift */; };
		3BA3FDD21E65389500D530A2 /* TweetsViewController.swift in Sources */ = {isa = PBXBuildFile; fileRef = 3BA3FDCC1E65389500D530A2 /* TweetsViewController.swift */; };
		3BA3FDD31E65389500D530A2 /* TwitterCell.swift in Sources */ = {isa = PBXBuildFile; fileRef = 3BA3FDCD1E65389500D530A2 /* TwitterCell.swift */; };
		3BA3FDD41E65389500D530A2 /* TwitterClient.swift in Sources */ = {isa = PBXBuildFile; fileRef = 3BA3FDCE1E65389500D530A2 /* TwitterClient.swift */; };
		3BA3FDD51E65389500D530A2 /* User.swift in Sources */ = {isa = PBXBuildFile; fileRef = 3BA3FDCF1E65389500D530A2 /* User.swift */; };
		86417BD050048AB7B638D6D7 /* Pods_TwitterTests.framework in Frameworks */ = {isa = PBXBuildFile; fileRef = 9A23C6D31096CD4CF61ABF87 /* Pods_TwitterTests.framework */; };
		DC96CD65E9B454BF67B7706F /* Pods_Twitter.framework in Frameworks */ = {isa = PBXBuildFile; fileRef = B4043F3F6E35FC14622D0142 /* Pods_Twitter.framework */; };
/* End PBXBuildFile section */

/* Begin PBXContainerItemProxy section */
		3BA3FDA41E65294E00D530A2 /* PBXContainerItemProxy */ = {
			isa = PBXContainerItemProxy;
			containerPortal = 3BA3FD871E65294D00D530A2 /* Project object */;
			proxyType = 1;
			remoteGlobalIDString = 3BA3FD8E1E65294D00D530A2;
			remoteInfo = Twitter;
		};
		3BA3FDAF1E65294E00D530A2 /* PBXContainerItemProxy */ = {
			isa = PBXContainerItemProxy;
			containerPortal = 3BA3FD871E65294D00D530A2 /* Project object */;
			proxyType = 1;
			remoteGlobalIDString = 3BA3FD8E1E65294D00D530A2;
			remoteInfo = Twitter;
		};
/* End PBXContainerItemProxy section */

/* Begin PBXFileReference section */
		0E5E78B4FF54BBA2A9D7FFED /* Pods-TwitterTests.release.xcconfig */ = {isa = PBXFileReference; includeInIndex = 1; lastKnownFileType = text.xcconfig; name = "Pods-TwitterTests.release.xcconfig"; path = "Pods/Target Support Files/Pods-TwitterTests/Pods-TwitterTests.release.xcconfig"; sourceTree = "<group>"; };
		123ABE99E6B654C967BAE561 /* Pods-TwitterUITests.release.xcconfig */ = {isa = PBXFileReference; includeInIndex = 1; lastKnownFileType = text.xcconfig; name = "Pods-TwitterUITests.release.xcconfig"; path = "Pods/Target Support Files/Pods-TwitterUITests/Pods-TwitterUITests.release.xcconfig"; sourceTree = "<group>"; };
		3B24A0271E6D521E0026BF8F /* ComposeViewController.swift */ = {isa = PBXFileReference; fileEncoding = 4; lastKnownFileType = sourcecode.swift; path = ComposeViewController.swift; sourceTree = "<group>"; };
		3B24A0281E6D521E0026BF8F /* DetailedTweetViewController.swift */ = {isa = PBXFileReference; fileEncoding = 4; lastKnownFileType = sourcecode.swift; path = DetailedTweetViewController.swift; sourceTree = "<group>"; };
		3B24A0291E6D521E0026BF8F /* ProfileViewController.swift */ = {isa = PBXFileReference; fileEncoding = 4; lastKnownFileType = sourcecode.swift; path = ProfileViewController.swift; sourceTree = "<group>"; };
		3B24A02A1E6D521E0026BF8F /* ReplyViewController.swift */ = {isa = PBXFileReference; fileEncoding = 4; lastKnownFileType = sourcecode.swift; path = ReplyViewController.swift; sourceTree = "<group>"; };
		3B24A02B1E6D521E0026BF8F /* UserProfileViewController.swift */ = {isa = PBXFileReference; fileEncoding = 4; lastKnownFileType = sourcecode.swift; path = UserProfileViewController.swift; sourceTree = "<group>"; };
		3BA3FD8F1E65294E00D530A2 /* Twitter.app */ = {isa = PBXFileReference; explicitFileType = wrapper.application; includeInIndex = 0; path = Twitter.app; sourceTree = BUILT_PRODUCTS_DIR; };
		3BA3FD921E65294E00D530A2 /* AppDelegate.swift */ = {isa = PBXFileReference; lastKnownFileType = sourcecode.swift; path = AppDelegate.swift; sourceTree = "<group>"; };
		3BA3FD971E65294E00D530A2 /* Base */ = {isa = PBXFileReference; lastKnownFileType = file.storyboard; name = Base; path = Base.lproj/Main.storyboard; sourceTree = "<group>"; };
		3BA3FD991E65294E00D530A2 /* Assets.xcassets */ = {isa = PBXFileReference; lastKnownFileType = folder.assetcatalog; path = Assets.xcassets; sourceTree = "<group>"; };
		3BA3FD9C1E65294E00D530A2 /* Base */ = {isa = PBXFileReference; lastKnownFileType = file.storyboard; name = Base; path = Base.lproj/LaunchScreen.storyboard; sourceTree = "<group>"; };
		3BA3FD9E1E65294E00D530A2 /* Info.plist */ = {isa = PBXFileReference; lastKnownFileType = text.plist.xml; path = Info.plist; sourceTree = "<group>"; };
		3BA3FDA31E65294E00D530A2 /* TwitterTests.xctest */ = {isa = PBXFileReference; explicitFileType = wrapper.cfbundle; includeInIndex = 0; path = TwitterTests.xctest; sourceTree = BUILT_PRODUCTS_DIR; };
		3BA3FDA71E65294E00D530A2 /* TwitterTests.swift */ = {isa = PBXFileReference; lastKnownFileType = sourcecode.swift; path = TwitterTests.swift; sourceTree = "<group>"; };
		3BA3FDA91E65294E00D530A2 /* Info.plist */ = {isa = PBXFileReference; lastKnownFileType = text.plist.xml; path = Info.plist; sourceTree = "<group>"; };
		3BA3FDAE1E65294E00D530A2 /* TwitterUITests.xctest */ = {isa = PBXFileReference; explicitFileType = wrapper.cfbundle; includeInIndex = 0; path = TwitterUITests.xctest; sourceTree = BUILT_PRODUCTS_DIR; };
		3BA3FDB21E65294E00D530A2 /* TwitterUITests.swift */ = {isa = PBXFileReference; lastKnownFileType = sourcecode.swift; path = TwitterUITests.swift; sourceTree = "<group>"; };
		3BA3FDB41E65294E00D530A2 /* Info.plist */ = {isa = PBXFileReference; lastKnownFileType = text.plist.xml; path = Info.plist; sourceTree = "<group>"; };
		3BA3FDCA1E65389500D530A2 /* LoginViewController.swift */ = {isa = PBXFileReference; fileEncoding = 4; lastKnownFileType = sourcecode.swift; path = LoginViewController.swift; sourceTree = "<group>"; };
		3BA3FDCB1E65389500D530A2 /* Tweet.swift */ = {isa = PBXFileReference; fileEncoding = 4; lastKnownFileType = sourcecode.swift; path = Tweet.swift; sourceTree = "<group>"; };
		3BA3FDCC1E65389500D530A2 /* TweetsViewController.swift */ = {isa = PBXFileReference; fileEncoding = 4; lastKnownFileType = sourcecode.swift; path = TweetsViewController.swift; sourceTree = "<group>"; };
		3BA3FDCD1E65389500D530A2 /* TwitterCell.swift */ = {isa = PBXFileReference; fileEncoding = 4; lastKnownFileType = sourcecode.swift; path = TwitterCell.swift; sourceTree = "<group>"; };
		3BA3FDCE1E65389500D530A2 /* TwitterClient.swift */ = {isa = PBXFileReference; fileEncoding = 4; lastKnownFileType = sourcecode.swift; path = TwitterClient.swift; sourceTree = "<group>"; };
		3BA3FDCF1E65389500D530A2 /* User.swift */ = {isa = PBXFileReference; fileEncoding = 4; lastKnownFileType = sourcecode.swift; path = User.swift; sourceTree = "<group>"; };
		4DD9296F4D212B2EB1047F95 /* Pods_TwitterUITests.framework */ = {isa = PBXFileReference; explicitFileType = wrapper.framework; includeInIndex = 0; path = Pods_TwitterUITests.framework; sourceTree = BUILT_PRODUCTS_DIR; };
		5C2A229D5A2C444067399779 /* Pods-Twitter.debug.xcconfig */ = {isa = PBXFileReference; includeInIndex = 1; lastKnownFileType = text.xcconfig; name = "Pods-Twitter.debug.xcconfig"; path = "Pods/Target Support Files/Pods-Twitter/Pods-Twitter.debug.xcconfig"; sourceTree = "<group>"; };
		9A23C6D31096CD4CF61ABF87 /* Pods_TwitterTests.framework */ = {isa = PBXFileReference; explicitFileType = wrapper.framework; includeInIndex = 0; path = Pods_TwitterTests.framework; sourceTree = BUILT_PRODUCTS_DIR; };
		B4043F3F6E35FC14622D0142 /* Pods_Twitter.framework */ = {isa = PBXFileReference; explicitFileType = wrapper.framework; includeInIndex = 0; path = Pods_Twitter.framework; sourceTree = BUILT_PRODUCTS_DIR; };
		BF0F3C14AA97A86C2D12097B /* Pods-TwitterTests.debug.xcconfig */ = {isa = PBXFileReference; includeInIndex = 1; lastKnownFileType = text.xcconfig; name = "Pods-TwitterTests.debug.xcconfig"; path = "Pods/Target Support Files/Pods-TwitterTests/Pods-TwitterTests.debug.xcconfig"; sourceTree = "<group>"; };
		BFC451369993E40B6B93C52D /* Pods-TwitterUITests.debug.xcconfig */ = {isa = PBXFileReference; includeInIndex = 1; lastKnownFileType = text.xcconfig; name = "Pods-TwitterUITests.debug.xcconfig"; path = "Pods/Target Support Files/Pods-TwitterUITests/Pods-TwitterUITests.debug.xcconfig"; sourceTree = "<group>"; };
		CA51B340BFF045BA307829B6 /* Pods-Twitter.release.xcconfig */ = {isa = PBXFileReference; includeInIndex = 1; lastKnownFileType = text.xcconfig; name = "Pods-Twitter.release.xcconfig"; path = "Pods/Target Support Files/Pods-Twitter/Pods-Twitter.release.xcconfig"; sourceTree = "<group>"; };
/* End PBXFileReference section */

/* Begin PBXFrameworksBuildPhase section */
		3BA3FD8C1E65294D00D530A2 /* Frameworks */ = {
			isa = PBXFrameworksBuildPhase;
			buildActionMask = 2147483647;
			files = (
				DC96CD65E9B454BF67B7706F /* Pods_Twitter.framework in Frameworks */,
			);
			runOnlyForDeploymentPostprocessing = 0;
		};
		3BA3FDA01E65294E00D530A2 /* Frameworks */ = {
			isa = PBXFrameworksBuildPhase;
			buildActionMask = 2147483647;
			files = (
				86417BD050048AB7B638D6D7 /* Pods_TwitterTests.framework in Frameworks */,
			);
			runOnlyForDeploymentPostprocessing = 0;
		};
		3BA3FDAB1E65294E00D530A2 /* Frameworks */ = {
			isa = PBXFrameworksBuildPhase;
			buildActionMask = 2147483647;
			files = (
				1B7A3E681C6F5DD42AD981C2 /* Pods_TwitterUITests.framework in Frameworks */,
			);
			runOnlyForDeploymentPostprocessing = 0;
		};
/* End PBXFrameworksBuildPhase section */

/* Begin PBXGroup section */
		3BA3FD861E65294D00D530A2 = {
			isa = PBXGroup;
			children = (
				3BA3FD911E65294E00D530A2 /* Twitter */,
				3BA3FDA61E65294E00D530A2 /* TwitterTests */,
				3BA3FDB11E65294E00D530A2 /* TwitterUITests */,
				3BA3FD901E65294E00D530A2 /* Products */,
				9A5CF571D7A6FFB6366D95A1 /* Pods */,
				5D04CFFCA9DBE47BE4CCBB86 /* Frameworks */,
			);
			sourceTree = "<group>";
		};
		3BA3FD901E65294E00D530A2 /* Products */ = {
			isa = PBXGroup;
			children = (
				3BA3FD8F1E65294E00D530A2 /* Twitter.app */,
				3BA3FDA31E65294E00D530A2 /* TwitterTests.xctest */,
				3BA3FDAE1E65294E00D530A2 /* TwitterUITests.xctest */,
			);
			name = Products;
			sourceTree = "<group>";
		};
		3BA3FD911E65294E00D530A2 /* Twitter */ = {
			isa = PBXGroup;
			children = (
				3B24A0271E6D521E0026BF8F /* ComposeViewController.swift */,
				3B24A0281E6D521E0026BF8F /* DetailedTweetViewController.swift */,
				3B24A0291E6D521E0026BF8F /* ProfileViewController.swift */,
				3B24A02A1E6D521E0026BF8F /* ReplyViewController.swift */,
				3B24A02B1E6D521E0026BF8F /* UserProfileViewController.swift */,
				3BA3FDCA1E65389500D530A2 /* LoginViewController.swift */,
				3BA3FDCB1E65389500D530A2 /* Tweet.swift */,
				3BA3FDCC1E65389500D530A2 /* TweetsViewController.swift */,
				3BA3FDCD1E65389500D530A2 /* TwitterCell.swift */,
				3BA3FDCE1E65389500D530A2 /* TwitterClient.swift */,
				3BA3FDCF1E65389500D530A2 /* User.swift */,
				3BA3FD921E65294E00D530A2 /* AppDelegate.swift */,
				3BA3FD961E65294E00D530A2 /* Main.storyboard */,
				3BA3FD991E65294E00D530A2 /* Assets.xcassets */,
				3BA3FD9B1E65294E00D530A2 /* LaunchScreen.storyboard */,
				3BA3FD9E1E65294E00D530A2 /* Info.plist */,
			);
			path = Twitter;
			sourceTree = "<group>";
		};
		3BA3FDA61E65294E00D530A2 /* TwitterTests */ = {
			isa = PBXGroup;
			children = (
				3BA3FDA71E65294E00D530A2 /* TwitterTests.swift */,
				3BA3FDA91E65294E00D530A2 /* Info.plist */,
			);
			path = TwitterTests;
			sourceTree = "<group>";
		};
		3BA3FDB11E65294E00D530A2 /* TwitterUITests */ = {
			isa = PBXGroup;
			children = (
				3BA3FDB21E65294E00D530A2 /* TwitterUITests.swift */,
				3BA3FDB41E65294E00D530A2 /* Info.plist */,
			);
			path = TwitterUITests;
			sourceTree = "<group>";
		};
		5D04CFFCA9DBE47BE4CCBB86 /* Frameworks */ = {
			isa = PBXGroup;
			children = (
				B4043F3F6E35FC14622D0142 /* Pods_Twitter.framework */,
				9A23C6D31096CD4CF61ABF87 /* Pods_TwitterTests.framework */,
				4DD9296F4D212B2EB1047F95 /* Pods_TwitterUITests.framework */,
			);
			name = Frameworks;
			sourceTree = "<group>";
		};
		9A5CF571D7A6FFB6366D95A1 /* Pods */ = {
			isa = PBXGroup;
			children = (
				5C2A229D5A2C444067399779 /* Pods-Twitter.debug.xcconfig */,
				CA51B340BFF045BA307829B6 /* Pods-Twitter.release.xcconfig */,
				BF0F3C14AA97A86C2D12097B /* Pods-TwitterTests.debug.xcconfig */,
				0E5E78B4FF54BBA2A9D7FFED /* Pods-TwitterTests.release.xcconfig */,
				BFC451369993E40B6B93C52D /* Pods-TwitterUITests.debug.xcconfig */,
				123ABE99E6B654C967BAE561 /* Pods-TwitterUITests.release.xcconfig */,
			);
			name = Pods;
			sourceTree = "<group>";
		};
/* End PBXGroup section */

/* Begin PBXNativeTarget section */
		3BA3FD8E1E65294D00D530A2 /* Twitter */ = {
			isa = PBXNativeTarget;
			buildConfigurationList = 3BA3FDB71E65294E00D530A2 /* Build configuration list for PBXNativeTarget "Twitter" */;
			buildPhases = (
				6952702FBFA90071AA069237 /* [CP] Check Pods Manifest.lock */,
				3BA3FD8B1E65294D00D530A2 /* Sources */,
				3BA3FD8C1E65294D00D530A2 /* Frameworks */,
				3BA3FD8D1E65294D00D530A2 /* Resources */,
				6331FF12788CA53BB91C183D /* [CP] Embed Pods Frameworks */,
				787772F2411B49BB984FD80B /* [CP] Copy Pods Resources */,
			);
			buildRules = (
			);
			dependencies = (
			);
			name = Twitter;
			productName = Twitter;
			productReference = 3BA3FD8F1E65294E00D530A2 /* Twitter.app */;
			productType = "com.apple.product-type.application";
		};
		3BA3FDA21E65294E00D530A2 /* TwitterTests */ = {
			isa = PBXNativeTarget;
			buildConfigurationList = 3BA3FDBA1E65294E00D530A2 /* Build configuration list for PBXNativeTarget "TwitterTests" */;
			buildPhases = (
				0457CFD362A2F007EA6C3203 /* [CP] Check Pods Manifest.lock */,
				3BA3FD9F1E65294E00D530A2 /* Sources */,
				3BA3FDA01E65294E00D530A2 /* Frameworks */,
				3BA3FDA11E65294E00D530A2 /* Resources */,
				3EE9C1FA78232B7B2F940C61 /* [CP] Embed Pods Frameworks */,
				4FFAA3863193471497BE2ED0 /* [CP] Copy Pods Resources */,
			);
			buildRules = (
			);
			dependencies = (
				3BA3FDA51E65294E00D530A2 /* PBXTargetDependency */,
			);
			name = TwitterTests;
			productName = TwitterTests;
			productReference = 3BA3FDA31E65294E00D530A2 /* TwitterTests.xctest */;
			productType = "com.apple.product-type.bundle.unit-test";
		};
		3BA3FDAD1E65294E00D530A2 /* TwitterUITests */ = {
			isa = PBXNativeTarget;
			buildConfigurationList = 3BA3FDBD1E65294E00D530A2 /* Build configuration list for PBXNativeTarget "TwitterUITests" */;
			buildPhases = (
				4F29D336AC4954F78CEEDC29 /* [CP] Check Pods Manifest.lock */,
				3BA3FDAA1E65294E00D530A2 /* Sources */,
				3BA3FDAB1E65294E00D530A2 /* Frameworks */,
				3BA3FDAC1E65294E00D530A2 /* Resources */,
				0832FFFE06AAA581E09C1F77 /* [CP] Embed Pods Frameworks */,
				961BB2EDF60522EEA80D2BDB /* [CP] Copy Pods Resources */,
			);
			buildRules = (
			);
			dependencies = (
				3BA3FDB01E65294E00D530A2 /* PBXTargetDependency */,
			);
			name = TwitterUITests;
			productName = TwitterUITests;
			productReference = 3BA3FDAE1E65294E00D530A2 /* TwitterUITests.xctest */;
			productType = "com.apple.product-type.bundle.ui-testing";
		};
/* End PBXNativeTarget section */

/* Begin PBXProject section */
		3BA3FD871E65294D00D530A2 /* Project object */ = {
			isa = PBXProject;
			attributes = {
				LastSwiftUpdateCheck = 0820;
				LastUpgradeCheck = 0820;
				ORGANIZATIONNAME = "Abhijeet Chakrabarti";
				TargetAttributes = {
					3BA3FD8E1E65294D00D530A2 = {
						CreatedOnToolsVersion = 8.2;
						ProvisioningStyle = Manual;
					};
					3BA3FDA21E65294E00D530A2 = {
						CreatedOnToolsVersion = 8.2;
						DevelopmentTeam = BZJ87Y2489;
						ProvisioningStyle = Automatic;
						TestTargetID = 3BA3FD8E1E65294D00D530A2;
					};
					3BA3FDAD1E65294E00D530A2 = {
						CreatedOnToolsVersion = 8.2;
						DevelopmentTeam = BZJ87Y2489;
						ProvisioningStyle = Automatic;
						TestTargetID = 3BA3FD8E1E65294D00D530A2;
					};
				};
			};
			buildConfigurationList = 3BA3FD8A1E65294D00D530A2 /* Build configuration list for PBXProject "Twitter" */;
			compatibilityVersion = "Xcode 3.2";
			developmentRegion = English;
			hasScannedForEncodings = 0;
			knownRegions = (
				en,
				Base,
			);
			mainGroup = 3BA3FD861E65294D00D530A2;
			productRefGroup = 3BA3FD901E65294E00D530A2 /* Products */;
			projectDirPath = "";
			projectRoot = "";
			targets = (
				3BA3FD8E1E65294D00D530A2 /* Twitter */,
				3BA3FDA21E65294E00D530A2 /* TwitterTests */,
				3BA3FDAD1E65294E00D530A2 /* TwitterUITests */,
			);
		};
/* End PBXProject section */

/* Begin PBXResourcesBuildPhase section */
		3BA3FD8D1E65294D00D530A2 /* Resources */ = {
			isa = PBXResourcesBuildPhase;
			buildActionMask = 2147483647;
			files = (
				3BA3FD9D1E65294E00D530A2 /* LaunchScreen.storyboard in Resources */,
				3BA3FD9A1E65294E00D530A2 /* Assets.xcassets in Resources */,
				3BA3FD981E65294E00D530A2 /* Main.storyboard in Resources */,
			);
			runOnlyForDeploymentPostprocessing = 0;
		};
		3BA3FDA11E65294E00D530A2 /* Resources */ = {
			isa = PBXResourcesBuildPhase;
			buildActionMask = 2147483647;
			files = (
			);
			runOnlyForDeploymentPostprocessing = 0;
		};
		3BA3FDAC1E65294E00D530A2 /* Resources */ = {
			isa = PBXResourcesBuildPhase;
			buildActionMask = 2147483647;
			files = (
			);
			runOnlyForDeploymentPostprocessing = 0;
		};
/* End PBXResourcesBuildPhase section */

/* Begin PBXShellScriptBuildPhase section */
		0457CFD362A2F007EA6C3203 /* [CP] Check Pods Manifest.lock */ = {
			isa = PBXShellScriptBuildPhase;
			buildActionMask = 2147483647;
			files = (
			);
			inputPaths = (
			);
			name = "[CP] Check Pods Manifest.lock";
			outputPaths = (
			);
			runOnlyForDeploymentPostprocessing = 0;
			shellPath = /bin/sh;
			shellScript = "diff \"${PODS_ROOT}/../Podfile.lock\" \"${PODS_ROOT}/Manifest.lock\" > /dev/null\nif [ $? != 0 ] ; then\n    # print error to STDERR\n    echo \"error: The sandbox is not in sync with the Podfile.lock. Run 'pod install' or update your CocoaPods installation.\" >&2\n    exit 1\nfi\n";
			showEnvVarsInLog = 0;
		};
		0832FFFE06AAA581E09C1F77 /* [CP] Embed Pods Frameworks */ = {
			isa = PBXShellScriptBuildPhase;
			buildActionMask = 2147483647;
			files = (
			);
			inputPaths = (
			);
			name = "[CP] Embed Pods Frameworks";
			outputPaths = (
			);
			runOnlyForDeploymentPostprocessing = 0;
			shellPath = /bin/sh;
			shellScript = "\"${SRCROOT}/Pods/Target Support Files/Pods-TwitterUITests/Pods-TwitterUITests-frameworks.sh\"\n";
			showEnvVarsInLog = 0;
		};
		3EE9C1FA78232B7B2F940C61 /* [CP] Embed Pods Frameworks */ = {
			isa = PBXShellScriptBuildPhase;
			buildActionMask = 2147483647;
			files = (
			);
			inputPaths = (
			);
			name = "[CP] Embed Pods Frameworks";
			outputPaths = (
			);
			runOnlyForDeploymentPostprocessing = 0;
			shellPath = /bin/sh;
			shellScript = "\"${SRCROOT}/Pods/Target Support Files/Pods-TwitterTests/Pods-TwitterTests-frameworks.sh\"\n";
			showEnvVarsInLog = 0;
		};
		4F29D336AC4954F78CEEDC29 /* [CP] Check Pods Manifest.lock */ = {
			isa = PBXShellScriptBuildPhase;
			buildActionMask = 2147483647;
			files = (
			);
			inputPaths = (
			);
			name = "[CP] Check Pods Manifest.lock";
			outputPaths = (
			);
			runOnlyForDeploymentPostprocessing = 0;
			shellPath = /bin/sh;
			shellScript = "diff \"${PODS_ROOT}/../Podfile.lock\" \"${PODS_ROOT}/Manifest.lock\" > /dev/null\nif [ $? != 0 ] ; then\n    # print error to STDERR\n    echo \"error: The sandbox is not in sync with the Podfile.lock. Run 'pod install' or update your CocoaPods installation.\" >&2\n    exit 1\nfi\n";
			showEnvVarsInLog = 0;
		};
		4FFAA3863193471497BE2ED0 /* [CP] Copy Pods Resources */ = {
			isa = PBXShellScriptBuildPhase;
			buildActionMask = 2147483647;
			files = (
			);
			inputPaths = (
			);
			name = "[CP] Copy Pods Resources";
			outputPaths = (
			);
			runOnlyForDeploymentPostprocessing = 0;
			shellPath = /bin/sh;
			shellScript = "\"${SRCROOT}/Pods/Target Support Files/Pods-TwitterTests/Pods-TwitterTests-resources.sh\"\n";
			showEnvVarsInLog = 0;
		};
		6331FF12788CA53BB91C183D /* [CP] Embed Pods Frameworks */ = {
			isa = PBXShellScriptBuildPhase;
			buildActionMask = 2147483647;
			files = (
			);
			inputPaths = (
			);
			name = "[CP] Embed Pods Frameworks";
			outputPaths = (
			);
			runOnlyForDeploymentPostprocessing = 0;
			shellPath = /bin/sh;
			shellScript = "\"${SRCROOT}/Pods/Target Support Files/Pods-Twitter/Pods-Twitter-frameworks.sh\"\n";
			showEnvVarsInLog = 0;
		};
		6952702FBFA90071AA069237 /* [CP] Check Pods Manifest.lock */ = {
			isa = PBXShellScriptBuildPhase;
			buildActionMask = 2147483647;
			files = (
			);
			inputPaths = (
			);
			name = "[CP] Check Pods Manifest.lock";
			outputPaths = (
			);
			runOnlyForDeploymentPostprocessing = 0;
			shellPath = /bin/sh;
			shellScript = "diff \"${PODS_ROOT}/../Podfile.lock\" \"${PODS_ROOT}/Manifest.lock\" > /dev/null\nif [ $? != 0 ] ; then\n    # print error to STDERR\n    echo \"error: The sandbox is not in sync with the Podfile.lock. Run 'pod install' or update your CocoaPods installation.\" >&2\n    exit 1\nfi\n";
			showEnvVarsInLog = 0;
		};
		787772F2411B49BB984FD80B /* [CP] Copy Pods Resources */ = {
			isa = PBXShellScriptBuildPhase;
			buildActionMask = 2147483647;
			files = (
			);
			inputPaths = (
			);
			name = "[CP] Copy Pods Resources";
			outputPaths = (
			);
			runOnlyForDeploymentPostprocessing = 0;
			shellPath = /bin/sh;
			shellScript = "\"${SRCROOT}/Pods/Target Support Files/Pods-Twitter/Pods-Twitter-resources.sh\"\n";
			showEnvVarsInLog = 0;
		};
		961BB2EDF60522EEA80D2BDB /* [CP] Copy Pods Resources */ = {
			isa = PBXShellScriptBuildPhase;
			buildActionMask = 2147483647;
			files = (
			);
			inputPaths = (
			);
			name = "[CP] Copy Pods Resources";
			outputPaths = (
			);
			runOnlyForDeploymentPostprocessing = 0;
			shellPath = /bin/sh;
			shellScript = "\"${SRCROOT}/Pods/Target Support Files/Pods-TwitterUITests/Pods-TwitterUITests-resources.sh\"\n";
			showEnvVarsInLog = 0;
		};
/* End PBXShellScriptBuildPhase section */

/* Begin PBXSourcesBuildPhase section */
		3BA3FD8B1E65294D00D530A2 /* Sources */ = {
			isa = PBXSourcesBuildPhase;
			buildActionMask = 2147483647;
			files = (
				3B24A02D1E6D521E0026BF8F /* DetailedTweetViewController.swift in Sources */,
				3B24A0301E6D521E0026BF8F /* UserProfileViewController.swift in Sources */,
				3BA3FDD21E65389500D530A2 /* TweetsViewController.swift in Sources */,
				3B24A02E1E6D521E0026BF8F /* ProfileViewController.swift in Sources */,
				3BA3FDD31E65389500D530A2 /* TwitterCell.swift in Sources */,
				3BA3FDD01E65389500D530A2 /* LoginViewController.swift in Sources */,
				3B24A02C1E6D521E0026BF8F /* ComposeViewController.swift in Sources */,
				3BA3FDD51E65389500D530A2 /* User.swift in Sources */,
				3BA3FDD41E65389500D530A2 /* TwitterClient.swift in Sources */,
				3BA3FD931E65294E00D530A2 /* AppDelegate.swift in Sources */,
				3BA3FDD11E65389500D530A2 /* Tweet.swift in Sources */,
				3B24A02F1E6D521E0026BF8F /* ReplyViewController.swift in Sources */,
			);
			runOnlyForDeploymentPostprocessing = 0;
		};
		3BA3FD9F1E65294E00D530A2 /* Sources */ = {
			isa = PBXSourcesBuildPhase;
			buildActionMask = 2147483647;
			files = (
				3BA3FDA81E65294E00D530A2 /* TwitterTests.swift in Sources */,
			);
			runOnlyForDeploymentPostprocessing = 0;
		};
		3BA3FDAA1E65294E00D530A2 /* Sources */ = {
			isa = PBXSourcesBuildPhase;
			buildActionMask = 2147483647;
			files = (
				3BA3FDB31E65294E00D530A2 /* TwitterUITests.swift in Sources */,
			);
			runOnlyForDeploymentPostprocessing = 0;
		};
/* End PBXSourcesBuildPhase section */

/* Begin PBXTargetDependency section */
		3BA3FDA51E65294E00D530A2 /* PBXTargetDependency */ = {
			isa = PBXTargetDependency;
			target = 3BA3FD8E1E65294D00D530A2 /* Twitter */;
			targetProxy = 3BA3FDA41E65294E00D530A2 /* PBXContainerItemProxy */;
		};
		3BA3FDB01E65294E00D530A2 /* PBXTargetDependency */ = {
			isa = PBXTargetDependency;
			target = 3BA3FD8E1E65294D00D530A2 /* Twitter */;
			targetProxy = 3BA3FDAF1E65294E00D530A2 /* PBXContainerItemProxy */;
		};
/* End PBXTargetDependency section */

/* Begin PBXVariantGroup section */
		3BA3FD961E65294E00D530A2 /* Main.storyboard */ = {
			isa = PBXVariantGroup;
			children = (
				3BA3FD971E65294E00D530A2 /* Base */,
			);
			name = Main.storyboard;
			sourceTree = "<group>";
		};
		3BA3FD9B1E65294E00D530A2 /* LaunchScreen.storyboard */ = {
			isa = PBXVariantGroup;
			children = (
				3BA3FD9C1E65294E00D530A2 /* Base */,
			);
			name = LaunchScreen.storyboard;
			sourceTree = "<group>";
		};
/* End PBXVariantGroup section */

/* Begin XCBuildConfiguration section */
		3BA3FDB51E65294E00D530A2 /* Debug */ = {
			isa = XCBuildConfiguration;
			buildSettings = {
				ALWAYS_SEARCH_USER_PATHS = NO;
				CLANG_ANALYZER_NONNULL = YES;
				CLANG_CXX_LANGUAGE_STANDARD = "gnu++0x";
				CLANG_CXX_LIBRARY = "libc++";
				CLANG_ENABLE_MODULES = YES;
				CLANG_ENABLE_OBJC_ARC = YES;
				CLANG_WARN_BOOL_CONVERSION = YES;
				CLANG_WARN_CONSTANT_CONVERSION = YES;
				CLANG_WARN_DIRECT_OBJC_ISA_USAGE = YES_ERROR;
				CLANG_WARN_DOCUMENTATION_COMMENTS = YES;
				CLANG_WARN_EMPTY_BODY = YES;
				CLANG_WARN_ENUM_CONVERSION = YES;
				CLANG_WARN_INFINITE_RECURSION = YES;
				CLANG_WARN_INT_CONVERSION = YES;
				CLANG_WARN_OBJC_ROOT_CLASS = YES_ERROR;
				CLANG_WARN_SUSPICIOUS_MOVE = YES;
				CLANG_WARN_UNREACHABLE_CODE = YES;
				CLANG_WARN__DUPLICATE_METHOD_MATCH = YES;
				"CODE_SIGN_IDENTITY[sdk=iphoneos*]" = "iPhone Developer";
				COPY_PHASE_STRIP = NO;
				DEBUG_INFORMATION_FORMAT = dwarf;
				ENABLE_STRICT_OBJC_MSGSEND = YES;
				ENABLE_TESTABILITY = YES;
				GCC_C_LANGUAGE_STANDARD = gnu99;
				GCC_DYNAMIC_NO_PIC = NO;
				GCC_NO_COMMON_BLOCKS = YES;
				GCC_OPTIMIZATION_LEVEL = 0;
				GCC_PREPROCESSOR_DEFINITIONS = (
					"DEBUG=1",
					"$(inherited)",
				);
				GCC_WARN_64_TO_32_BIT_CONVERSION = YES;
				GCC_WARN_ABOUT_RETURN_TYPE = YES_ERROR;
				GCC_WARN_UNDECLARED_SELECTOR = YES;
				GCC_WARN_UNINITIALIZED_AUTOS = YES_AGGRESSIVE;
				GCC_WARN_UNUSED_FUNCTION = YES;
				GCC_WARN_UNUSED_VARIABLE = YES;
				IPHONEOS_DEPLOYMENT_TARGET = 10.2;
				MTL_ENABLE_DEBUG_INFO = YES;
				ONLY_ACTIVE_ARCH = YES;
				SDKROOT = iphoneos;
				SWIFT_ACTIVE_COMPILATION_CONDITIONS = DEBUG;
				SWIFT_OPTIMIZATION_LEVEL = "-Onone";
			};
			name = Debug;
		};
		3BA3FDB61E65294E00D530A2 /* Release */ = {
			isa = XCBuildConfiguration;
			buildSettings = {
				ALWAYS_SEARCH_USER_PATHS = NO;
				CLANG_ANALYZER_NONNULL = YES;
				CLANG_CXX_LANGUAGE_STANDARD = "gnu++0x";
				CLANG_CXX_LIBRARY = "libc++";
				CLANG_ENABLE_MODULES = YES;
				CLANG_ENABLE_OBJC_ARC = YES;
				CLANG_WARN_BOOL_CONVERSION = YES;
				CLANG_WARN_CONSTANT_CONVERSION = YES;
				CLANG_WARN_DIRECT_OBJC_ISA_USAGE = YES_ERROR;
				CLANG_WARN_DOCUMENTATION_COMMENTS = YES;
				CLANG_WARN_EMPTY_BODY = YES;
				CLANG_WARN_ENUM_CONVERSION = YES;
				CLANG_WARN_INFINITE_RECURSION = YES;
				CLANG_WARN_INT_CONVERSION = YES;
				CLANG_WARN_OBJC_ROOT_CLASS = YES_ERROR;
				CLANG_WARN_SUSPICIOUS_MOVE = YES;
				CLANG_WARN_UNREACHABLE_CODE = YES;
				CLANG_WARN__DUPLICATE_METHOD_MATCH = YES;
				"CODE_SIGN_IDENTITY[sdk=iphoneos*]" = "iPhone Developer";
				COPY_PHASE_STRIP = NO;
				DEBUG_INFORMATION_FORMAT = "dwarf-with-dsym";
				ENABLE_NS_ASSERTIONS = NO;
				ENABLE_STRICT_OBJC_MSGSEND = YES;
				GCC_C_LANGUAGE_STANDARD = gnu99;
				GCC_NO_COMMON_BLOCKS = YES;
				GCC_WARN_64_TO_32_BIT_CONVERSION = YES;
				GCC_WARN_ABOUT_RETURN_TYPE = YES_ERROR;
				GCC_WARN_UNDECLARED_SELECTOR = YES;
				GCC_WARN_UNINITIALIZED_AUTOS = YES_AGGRESSIVE;
				GCC_WARN_UNUSED_FUNCTION = YES;
				GCC_WARN_UNUSED_VARIABLE = YES;
				IPHONEOS_DEPLOYMENT_TARGET = 10.2;
				MTL_ENABLE_DEBUG_INFO = NO;
				SDKROOT = iphoneos;
				SWIFT_OPTIMIZATION_LEVEL = "-Owholemodule";
				VALIDATE_PRODUCT = YES;
			};
			name = Release;
		};
		3BA3FDB81E65294E00D530A2 /* Debug */ = {
			isa = XCBuildConfiguration;
			baseConfigurationReference = 5C2A229D5A2C444067399779 /* Pods-Twitter.debug.xcconfig */;
			buildSettings = {
				ASSETCATALOG_COMPILER_APPICON_NAME = AppIcon;
				DEVELOPMENT_TEAM = "";
				INFOPLIST_FILE = Twitter/Info.plist;
				LD_RUNPATH_SEARCH_PATHS = "$(inherited) @executable_path/Frameworks";
				PRODUCT_BUNDLE_IDENTIFIER = Codepath.Twitter;
				PRODUCT_NAME = "$(TARGET_NAME)";
				SWIFT_VERSION = 3.0;
			};
			name = Debug;
		};
		3BA3FDB91E65294E00D530A2 /* Release */ = {
			isa = XCBuildConfiguration;
			baseConfigurationReference = CA51B340BFF045BA307829B6 /* Pods-Twitter.release.xcconfig */;
			buildSettings = {
				ASSETCATALOG_COMPILER_APPICON_NAME = AppIcon;
				DEVELOPMENT_TEAM = "";
				INFOPLIST_FILE = Twitter/Info.plist;
				LD_RUNPATH_SEARCH_PATHS = "$(inherited) @executable_path/Frameworks";
				PRODUCT_BUNDLE_IDENTIFIER = Codepath.Twitter;
				PRODUCT_NAME = "$(TARGET_NAME)";
				SWIFT_VERSION = 3.0;
			};
			name = Release;
		};
		3BA3FDBB1E65294E00D530A2 /* Debug */ = {
			isa = XCBuildConfiguration;
			baseConfigurationReference = BF0F3C14AA97A86C2D12097B /* Pods-TwitterTests.debug.xcconfig */;
			buildSettings = {
				ALWAYS_EMBED_SWIFT_STANDARD_LIBRARIES = YES;
				BUNDLE_LOADER = "$(TEST_HOST)";
				DEVELOPMENT_TEAM = BZJ87Y2489;
				INFOPLIST_FILE = TwitterTests/Info.plist;
				LD_RUNPATH_SEARCH_PATHS = "$(inherited) @executable_path/Frameworks @loader_path/Frameworks";
				PRODUCT_BUNDLE_IDENTIFIER = Codepath.TwitterTests;
				PRODUCT_NAME = "$(TARGET_NAME)";
				SWIFT_VERSION = 3.0;
				TEST_HOST = "$(BUILT_PRODUCTS_DIR)/Twitter.app/Twitter";
			};
			name = Debug;
		};
		3BA3FDBC1E65294E00D530A2 /* Release */ = {
			isa = XCBuildConfiguration;
			baseConfigurationReference = 0E5E78B4FF54BBA2A9D7FFED /* Pods-TwitterTests.release.xcconfig */;
			buildSettings = {
				ALWAYS_EMBED_SWIFT_STANDARD_LIBRARIES = YES;
				BUNDLE_LOADER = "$(TEST_HOST)";
				DEVELOPMENT_TEAM = BZJ87Y2489;
				INFOPLIST_FILE = TwitterTests/Info.plist;
				LD_RUNPATH_SEARCH_PATHS = "$(inherited) @executable_path/Frameworks @loader_path/Frameworks";
				PRODUCT_BUNDLE_IDENTIFIER = Codepath.TwitterTests;
				PRODUCT_NAME = "$(TARGET_NAME)";
				SWIFT_VERSION = 3.0;
				TEST_HOST = "$(BUILT_PRODUCTS_DIR)/Twitter.app/Twitter";
			};
			name = Release;
		};
		3BA3FDBE1E65294E00D530A2 /* Debug */ = {
			isa = XCBuildConfiguration;
			baseConfigurationReference = BFC451369993E40B6B93C52D /* Pods-TwitterUITests.debug.xcconfig */;
			buildSettings = {
				ALWAYS_EMBED_SWIFT_STANDARD_LIBRARIES = YES;
				DEVELOPMENT_TEAM = BZJ87Y2489;
				INFOPLIST_FILE = TwitterUITests/Info.plist;
				LD_RUNPATH_SEARCH_PATHS = "$(inherited) @executable_path/Frameworks @loader_path/Frameworks";
				PRODUCT_BUNDLE_IDENTIFIER = Codepath.TwitterUITests;
				PRODUCT_NAME = "$(TARGET_NAME)";
				SWIFT_VERSION = 3.0;
				TEST_TARGET_NAME = Twitter;
			};
			name = Debug;
		};
		3BA3FDBF1E65294E00D530A2 /* Release */ = {
			isa = XCBuildConfiguration;
			baseConfigurationReference = 123ABE99E6B654C967BAE561 /* Pods-TwitterUITests.release.xcconfig */;
			buildSettings = {
				ALWAYS_EMBED_SWIFT_STANDARD_LIBRARIES = YES;
				DEVELOPMENT_TEAM = BZJ87Y2489;
				INFOPLIST_FILE = TwitterUITests/Info.plist;
				LD_RUNPATH_SEARCH_PATHS = "$(inherited) @executable_path/Frameworks @loader_path/Frameworks";
				PRODUCT_BUNDLE_IDENTIFIER = Codepath.TwitterUITests;
				PRODUCT_NAME = "$(TARGET_NAME)";
				SWIFT_VERSION = 3.0;
				TEST_TARGET_NAME = Twitter;
			};
			name = Release;
		};
/* End XCBuildConfiguration section */

/* Begin XCConfigurationList section */
		3BA3FD8A1E65294D00D530A2 /* Build configuration list for PBXProject "Twitter" */ = {
			isa = XCConfigurationList;
			buildConfigurations = (
				3BA3FDB51E65294E00D530A2 /* Debug */,
				3BA3FDB61E65294E00D530A2 /* Release */,
			);
			defaultConfigurationIsVisible = 0;
			defaultConfigurationName = Release;
		};
		3BA3FDB71E65294E00D530A2 /* Build configuration list for PBXNativeTarget "Twitter" */ = {
			isa = XCConfigurationList;
			buildConfigurations = (
				3BA3FDB81E65294E00D530A2 /* Debug */,
				3BA3FDB91E65294E00D530A2 /* Release */,
			);
			defaultConfigurationIsVisible = 0;
			defaultConfigurationName = Release;
		};
		3BA3FDBA1E65294E00D530A2 /* Build configuration list for PBXNativeTarget "TwitterTests" */ = {
			isa = XCConfigurationList;
			buildConfigurations = (
				3BA3FDBB1E65294E00D530A2 /* Debug */,
				3BA3FDBC1E65294E00D530A2 /* Release */,
			);
			defaultConfigurationIsVisible = 0;
			defaultConfigurationName = Release;
		};
		3BA3FDBD1E65294E00D530A2 /* Build configuration list for PBXNativeTarget "TwitterUITests" */ = {
			isa = XCConfigurationList;
			buildConfigurations = (
				3BA3FDBE1E65294E00D530A2 /* Debug */,
				3BA3FDBF1E65294E00D530A2 /* Release */,
			);
			defaultConfigurationIsVisible = 0;
			defaultConfigurationName = Release;
		};
/* End XCConfigurationList section */
	};
	rootObject = 3BA3FD871E65294D00D530A2 /* Project object */;
}
